PODS:
  - audio_session (0.0.1):
    - FlutterMacOS
  - audioplayers_darwin (0.0.1):
    - FlutterMacOS
  - FlutterMacOS (1.0.0)
  - just_audio (0.0.1):
    - FlutterMacOS
  - path_provider_foundation (0.0.1):
    - Flutter
    - FlutterMacOS
  - record_darwin (1.0.0):
    - Flutter
    - FlutterMacOS

DEPENDENCIES:
  - audio_session (from `Flutter/ephemeral/.symlinks/plugins/audio_session/macos`)
  - audioplayers_darwin (from `Flutter/ephemeral/.symlinks/plugins/audioplayers_darwin/macos`)
  - FlutterMacOS (from `Flutter/ephemeral`)
  - just_audio (from `Flutter/ephemeral/.symlinks/plugins/just_audio/macos`)
  - path_provider_foundation (from `Flutter/ephemeral/.symlinks/plugins/path_provider_foundation/darwin`)
  - record_darwin (from `Flutter/ephemeral/.symlinks/plugins/record_darwin/macos`)

EXTERNAL SOURCES:
  audio_session:
    :path: Flutter/ephemeral/.symlinks/plugins/audio_session/macos
  audioplayers_darwin:
    :path: Flutter/ephemeral/.symlinks/plugins/audioplayers_darwin/macos
  FlutterMacOS:
    :path: Flutter/ephemeral
  just_audio:
    :path: Flutter/ephemeral/.symlinks/plugins/just_audio/macos
  path_provider_foundation:
    :path: Flutter/ephemeral/.symlinks/plugins/path_provider_foundation/darwin
  record_darwin:
    :path: Flutter/ephemeral/.symlinks/plugins/record_darwin/macos

SPEC CHECKSUMS:
  audio_session: dea1f41890dbf1718f04a56f1d6150fd50039b72
  audioplayers_darwin: dcad41de4fbd0099cb3749f7ab3b0cb8f70b810c
  FlutterMacOS: 8f6f14fa908a6fb3fba0cd85dbd81ec4b251fb24
  just_audio: 9b67ca7b97c61cfc9784ea23cd8cc55eb226d489
  path_provider_foundation: 2b6b4c569c0fb62ec74538f866245ac84301af46
  record_darwin: df0a677188e5fed18472550298e675f19ddaffbe

PODFILE CHECKSUM: 9ebaf0ce3d369aaa26a9ea0e159195ed94724cf3

COCOAPODS: 1.15.2
